
Microsoft Visual Studio Solution File, Format Version 12.00
# Visual Studio 15
VisualStudioVersion = 15.0.28307.271
MinimumVisualStudioVersion = 10.0.40219.1
Project("{FAE04EC0-301F-11D3-BF4B-00C04F79EFBC}") = "Vikings.Wpf.Extensions", "Vikings.Wpf.Extensions\Vikings.Wpf.Extensions.csproj", "{A546D006-21A6-4163-9070-61E5178341B3}"
EndProject
Project("{FAE04EC0-301F-11D3-BF4B-00C04F79EFBC}") = "Vikings.System.Extensions", "Vikings.System.Extensions\Vikings.System.Extensions.csproj", "{70825AE5-8125-43B5-ACFD-A01BBC151BB3}"
EndProject
Project("{FAE04EC0-301F-11D3-BF4B-00C04F79EFBC}") = "Vikings.Swf.Extensions", "Vikings.Swf.Extensions\Vikings.Swf.Extensions.csproj", "{497694BE-5675-4E68-A332-9001C35AA927}"
EndProject
Project("{FAE04EC0-301F-11D3-BF4B-00C04F79EFBC}") = "Vikings.Translate", "Vikings.Translate\Vikings.Translate.csproj", "{634270F6-D24F-4DA6-BC5A-46F5430B8524}"
EndProject
Project("{FAE04EC0-301F-11D3-BF4B-00C04F79EFBC}") = "Vikings.Swf", "Vikings.Swf\Vikings.Swf.csproj", "{3966B209-0059-4EAA-9E15-AFB01D1AAE36}"
EndProject
Project("{FAE04EC0-301F-11D3-BF4B-00C04F79EFBC}") = "Vikings.Base", "Vikings.Base\Vikings.Base.csproj", "{95B4E7D8-420D-4B3A-BAF3-D840DDDA46FD}"
EndProject
Project("{FAE04EC0-301F-11D3-BF4B-00C04F79EFBC}") = "Vikings.CodeSite.Extensions", "Vikings.CodeSite.Extensions\Vikings.CodeSite.Extensions.csproj", "{EC39193E-72AE-4484-82D0-357D692C71BA}"
EndProject
Project("{FAE04EC0-301F-11D3-BF4B-00C04F79EFBC}") = "Vikings.CodeHelper", "Vikings.CodeHelper\Vikings.CodeHelper.csproj", "{53F656BB-F196-40D6-BC85-D45CDC6351A0}"
EndProject
Project("{FAE04EC0-301F-11D3-BF4B-00C04F79EFBC}") = "Vikings.Translate.Tests", "Vikings.Translate.Tests\Vikings.Translate.Tests.csproj", "{05489B51-8D73-46A5-87D1-C8AA81C9CB3F}"
EndProject
Global
	GlobalSection(SolutionConfigurationPlatforms) = preSolution
		Debug|Any CPU = Debug|Any CPU
		Release|Any CPU = Release|Any CPU
	EndGlobalSection
	GlobalSection(ProjectConfigurationPlatforms) = postSolution
		{A546D006-21A6-4163-9070-61E5178341B3}.Debug|Any CPU.ActiveCfg = Debug|Any CPU
		{A546D006-21A6-4163-9070-61E5178341B3}.Debug|Any CPU.Build.0 = Debug|Any CPU
		{A546D006-21A6-4163-9070-61E5178341B3}.Release|Any CPU.ActiveCfg = Release|Any CPU
		{A546D006-21A6-4163-9070-61E5178341B3}.Release|Any CPU.Build.0 = Release|Any CPU
		{70825AE5-8125-43B5-ACFD-A01BBC151BB3}.Debug|Any CPU.ActiveCfg = Debug|Any CPU
		{70825AE5-8125-43B5-ACFD-A01BBC151BB3}.Debug|Any CPU.Build.0 = Debug|Any CPU
		{70825AE5-8125-43B5-ACFD-A01BBC151BB3}.Release|Any CPU.ActiveCfg = Release|Any CPU
		{70825AE5-8125-43B5-ACFD-A01BBC151BB3}.Release|Any CPU.Build.0 = Release|Any CPU
		{497694BE-5675-4E68-A332-9001C35AA927}.Debug|Any CPU.ActiveCfg = Debug|Any CPU
		{497694BE-5675-4E68-A332-9001C35AA927}.Debug|Any CPU.Build.0 = Debug|Any CPU
		{497694BE-5675-4E68-A332-9001C35AA927}.Release|Any CPU.ActiveCfg = Release|Any CPU
		{497694BE-5675-4E68-A332-9001C35AA927}.Release|Any CPU.Build.0 = Release|Any CPU
		{634270F6-D24F-4DA6-BC5A-46F5430B8524}.Debug|Any CPU.ActiveCfg = Debug|Any CPU
		{634270F6-D24F-4DA6-BC5A-46F5430B8524}.Debug|Any CPU.Build.0 = Debug|Any CPU
		{634270F6-D24F-4DA6-BC5A-46F5430B8524}.Release|Any CPU.ActiveCfg = Release|Any CPU
		{634270F6-D24F-4DA6-BC5A-46F5430B8524}.Release|Any CPU.Build.0 = Release|Any CPU
		{3966B209-0059-4EAA-9E15-AFB01D1AAE36}.Debug|Any CPU.ActiveCfg = Debug|Any CPU
		{3966B209-0059-4EAA-9E15-AFB01D1AAE36}.Debug|Any CPU.Build.0 = Debug|Any CPU
		{3966B209-0059-4EAA-9E15-AFB01D1AAE36}.Release|Any CPU.ActiveCfg = Release|Any CPU
		{3966B209-0059-4EAA-9E15-AFB01D1AAE36}.Release|Any CPU.Build.0 = Release|Any CPU
		{95B4E7D8-420D-4B3A-BAF3-D840DDDA46FD}.Debug|Any CPU.ActiveCfg = Debug|Any CPU
		{95B4E7D8-420D-4B3A-BAF3-D840DDDA46FD}.Debug|Any CPU.Build.0 = Debug|Any CPU
		{95B4E7D8-420D-4B3A-BAF3-D840DDDA46FD}.Release|Any CPU.ActiveCfg = Release|Any CPU
		{95B4E7D8-420D-4B3A-BAF3-D840DDDA46FD}.Release|Any CPU.Build.0 = Release|Any CPU
		{EC39193E-72AE-4484-82D0-357D692C71BA}.Debug|Any CPU.ActiveCfg = Debug|Any CPU
		{EC39193E-72AE-4484-82D0-357D692C71BA}.Debug|Any CPU.Build.0 = Debug|Any CPU
		{EC39193E-72AE-4484-82D0-357D692C71BA}.Release|Any CPU.ActiveCfg = Release|Any CPU
		{EC39193E-72AE-4484-82D0-357D692C71BA}.Release|Any CPU.Build.0 = Release|Any CPU
		{53F656BB-F196-40D6-BC85-D45CDC6351A0}.Debug|Any CPU.ActiveCfg = Debug|Any CPU
		{53F656BB-F196-40D6-BC85-D45CDC6351A0}.Debug|Any CPU.Build.0 = Debug|Any CPU
		{53F656BB-F196-40D6-BC85-D45CDC6351A0}.Release|Any CPU.ActiveCfg = Release|Any CPU
		{53F656BB-F196-40D6-BC85-D45CDC6351A0}.Release|Any CPU.Build.0 = Release|Any CPU
		{05489B51-8D73-46A5-87D1-C8AA81C9CB3F}.Debug|Any CPU.ActiveCfg = Debug|Any CPU
		{05489B51-8D73-46A5-87D1-C8AA81C9CB3F}.Debug|Any CPU.Build.0 = Debug|Any CPU
		{05489B51-8D73-46A5-87D1-C8AA81C9CB3F}.Release|Any CPU.ActiveCfg = Release|Any CPU
		{05489B51-8D73-46A5-87D1-C8AA81C9CB3F}.Release|Any CPU.Build.0 = Release|Any CPU
	EndGlobalSection
	GlobalSection(SolutionProperties) = preSolution
		HideSolutionNode = FALSE
	EndGlobalSection
	GlobalSection(ExtensibilityGlobals) = postSolution
		SolutionGuid = {819EE15A-A7BE-4573-8A22-91B74451BFFC}
	EndGlobalSection
EndGlobal
